
Microsoft Visual Studio Solution File, Format Version 12.00
# Visual Studio 15
VisualStudioVersion = 15.0.26228.9
MinimumVisualStudioVersion = 10.0.40219.1
Project("{FAE04EC0-301F-11D3-BF4B-00C04F79EFBC}") = "InterventionManagementSystem", "InterventionManagementSystem\InterventionManagementSystem.csproj", "{F5EAFE6F-C7F8-4EA3-9947-F1F08CEC1CF9}"
EndProject
Project("{FAE04EC0-301F-11D3-BF4B-00C04F79EFBC}") = "InterventionManagementSystem.Tests", "InterventionManagementSystem.Tests\InterventionManagementSystem.Tests.csproj", "{20647ED6-D2CF-4B64-812E-3E046A467AC0}"
EndProject
Project("{FAE04EC0-301F-11D3-BF4B-00C04F79EFBC}") = "IMSLogic", "IMSLogic\IMSLogic.csproj", "{35CEE81C-1867-4C24-B999-C745B6E4FE02}"
EndProject
Project("{FAE04EC0-301F-11D3-BF4B-00C04F79EFBC}") = "IMSDBLayer", "IMSDBLayer\IMSDBLayer.csproj", "{1AE95F5B-FBD3-48CC-AD04-B1F3BA570C25}"
EndProject
Global
	GlobalSection(SolutionConfigurationPlatforms) = preSolution
		Debug|Any CPU = Debug|Any CPU
		Release|Any CPU = Release|Any CPU
	EndGlobalSection
	GlobalSection(ProjectConfigurationPlatforms) = postSolution
		{F5EAFE6F-C7F8-4EA3-9947-F1F08CEC1CF9}.Debug|Any CPU.ActiveCfg = Debug|Any CPU
		{F5EAFE6F-C7F8-4EA3-9947-F1F08CEC1CF9}.Debug|Any CPU.Build.0 = Debug|Any CPU
		{F5EAFE6F-C7F8-4EA3-9947-F1F08CEC1CF9}.Release|Any CPU.ActiveCfg = Release|Any CPU
		{F5EAFE6F-C7F8-4EA3-9947-F1F08CEC1CF9}.Release|Any CPU.Build.0 = Release|Any CPU
		{20647ED6-D2CF-4B64-812E-3E046A467AC0}.Debug|Any CPU.ActiveCfg = Debug|Any CPU
		{20647ED6-D2CF-4B64-812E-3E046A467AC0}.Debug|Any CPU.Build.0 = Debug|Any CPU
		{20647ED6-D2CF-4B64-812E-3E046A467AC0}.Release|Any CPU.ActiveCfg = Release|Any CPU
		{20647ED6-D2CF-4B64-812E-3E046A467AC0}.Release|Any CPU.Build.0 = Release|Any CPU
		{35CEE81C-1867-4C24-B999-C745B6E4FE02}.Debug|Any CPU.ActiveCfg = Debug|Any CPU
		{35CEE81C-1867-4C24-B999-C745B6E4FE02}.Debug|Any CPU.Build.0 = Debug|Any CPU
		{35CEE81C-1867-4C24-B999-C745B6E4FE02}.Release|Any CPU.ActiveCfg = Release|Any CPU
		{35CEE81C-1867-4C24-B999-C745B6E4FE02}.Release|Any CPU.Build.0 = Release|Any CPU
		{1AE95F5B-FBD3-48CC-AD04-B1F3BA570C25}.Debug|Any CPU.ActiveCfg = Debug|Any CPU
		{1AE95F5B-FBD3-48CC-AD04-B1F3BA570C25}.Debug|Any CPU.Build.0 = Debug|Any CPU
		{1AE95F5B-FBD3-48CC-AD04-B1F3BA570C25}.Release|Any CPU.ActiveCfg = Release|Any CPU
		{1AE95F5B-FBD3-48CC-AD04-B1F3BA570C25}.Release|Any CPU.Build.0 = Release|Any CPU
	EndGlobalSection
	GlobalSection(SolutionProperties) = preSolution
		HideSolutionNode = FALSE
	EndGlobalSection
EndGlobal
